
Microsoft Visual Studio Solution File, Format Version 12.00
# Visual Studio Version 17
VisualStudioVersion = 17.0.31903.59
MinimumVisualStudioVersion = 10.0.40219.1
Project("{FAE04EC0-301F-11D3-BF4B-00C04F79EFBC}") = "CoreBuilder", "CoreBuilder\CoreBuilder.csproj", "{B16A316C-BC70-41CB-BDE5-2C40EDDDC3B4}"
EndProject
Project("{FAE04EC0-301F-11D3-BF4B-00C04F79EFBC}") = "CoreBuilder.Admin", "CoreBuilder.Admin\CoreBuilder.Admin.csproj", "{2B89B8E8-EEA1-4B65-98AD-4A5392406E1F}"
EndProject
Global
	GlobalSection(SolutionConfigurationPlatforms) = preSolution
		Debug|Any CPU = Debug|Any CPU
		Release|Any CPU = Release|Any CPU
	EndGlobalSection
	GlobalSection(ProjectConfigurationPlatforms) = postSolution
		{B16A316C-BC70-41CB-BDE5-2C40EDDDC3B4}.Debug|Any CPU.ActiveCfg = Debug|Any CPU
		{B16A316C-BC70-41CB-BDE5-2C40EDDDC3B4}.Debug|Any CPU.Build.0 = Debug|Any CPU
		{B16A316C-BC70-41CB-BDE5-2C40EDDDC3B4}.Release|Any CPU.ActiveCfg = Release|Any CPU
		{B16A316C-BC70-41CB-BDE5-2C40EDDDC3B4}.Release|Any CPU.Build.0 = Release|Any CPU
		{2B89B8E8-EEA1-4B65-98AD-4A5392406E1F}.Debug|Any CPU.ActiveCfg = Debug|Any CPU
		{2B89B8E8-EEA1-4B65-98AD-4A5392406E1F}.Debug|Any CPU.Build.0 = Debug|Any CPU
		{2B89B8E8-EEA1-4B65-98AD-4A5392406E1F}.Release|Any CPU.ActiveCfg = Release|Any CPU
		{2B89B8E8-EEA1-4B65-98AD-4A5392406E1F}.Release|Any CPU.Build.0 = Release|Any CPU
	EndGlobalSection
EndGlobal
